
Microsoft Visual Studio Solution File, Format Version 12.00
# Visual Studio Version 17
VisualStudioVersion = 17.3.32929.385
MinimumVisualStudioVersion = 10.0.40219.1
Project("{FAE04EC0-301F-11D3-BF4B-00C04F79EFBC}") = "RR.Dynamics365.SpecFlow", "src\RR.Dynamics365.SpecFlow\RR.Dynamics365.SpecFlow.csproj", "{15354C0F-D3D3-41D6-954C-FD8F9C278D08}"
EndProject
Global
	GlobalSection(SolutionConfigurationPlatforms) = preSolution
		Debug|Any CPU = Debug|Any CPU
		Release|Any CPU = Release|Any CPU
	EndGlobalSection
	GlobalSection(ProjectConfigurationPlatforms) = postSolution
		{15354C0F-D3D3-41D6-954C-FD8F9C278D08}.Debug|Any CPU.ActiveCfg = Debug|Any CPU
		{15354C0F-D3D3-41D6-954C-FD8F9C278D08}.Debug|Any CPU.Build.0 = Debug|Any CPU
		{15354C0F-D3D3-41D6-954C-FD8F9C278D08}.Release|Any CPU.ActiveCfg = Release|Any CPU
		{15354C0F-D3D3-41D6-954C-FD8F9C278D08}.Release|Any CPU.Build.0 = Release|Any CPU
	EndGlobalSection
	GlobalSection(SolutionProperties) = preSolution
		HideSolutionNode = FALSE
	EndGlobalSection
	GlobalSection(ExtensibilityGlobals) = postSolution
		SolutionGuid = {A913BFC7-43C3-426E-82BD-164357F79CDF}
	EndGlobalSection
EndGlobal
